
Microsoft Visual Studio Solution File, Format Version 12.00
# Visual Studio Version 17
VisualStudioVersion = 17.8.34408.163
MinimumVisualStudioVersion = 10.0.40219.1
Project("{FAE04EC0-301F-11D3-BF4B-00C04F79EFBC}") = "BaiThucHanhBuoi_3.1", "BaiThucHanhBuoi_3.1\BaiThucHanhBuoi_3.1.csproj", "{99320061-6FAF-49FF-8E9F-3D37447BD8F6}"
EndProject
Project("{FAE04EC0-301F-11D3-BF4B-00C04F79EFBC}") = "bai2", "bai2\bai2.csproj", "{0A92206C-3DC9-4716-B497-E3DBE2F18E79}"
EndProject
Global
	GlobalSection(SolutionConfigurationPlatforms) = preSolution
		Debug|Any CPU = Debug|Any CPU
		Release|Any CPU = Release|Any CPU
	EndGlobalSection
	GlobalSection(ProjectConfigurationPlatforms) = postSolution
		{99320061-6FAF-49FF-8E9F-3D37447BD8F6}.Debug|Any CPU.ActiveCfg = Debug|Any CPU
		{99320061-6FAF-49FF-8E9F-3D37447BD8F6}.Debug|Any CPU.Build.0 = Debug|Any CPU
		{99320061-6FAF-49FF-8E9F-3D37447BD8F6}.Release|Any CPU.ActiveCfg = Release|Any CPU
		{99320061-6FAF-49FF-8E9F-3D37447BD8F6}.Release|Any CPU.Build.0 = Release|Any CPU
		{0A92206C-3DC9-4716-B497-E3DBE2F18E79}.Debug|Any CPU.ActiveCfg = Debug|Any CPU
		{0A92206C-3DC9-4716-B497-E3DBE2F18E79}.Debug|Any CPU.Build.0 = Debug|Any CPU
		{0A92206C-3DC9-4716-B497-E3DBE2F18E79}.Release|Any CPU.ActiveCfg = Release|Any CPU
		{0A92206C-3DC9-4716-B497-E3DBE2F18E79}.Release|Any CPU.Build.0 = Release|Any CPU
	EndGlobalSection
	GlobalSection(SolutionProperties) = preSolution
		HideSolutionNode = FALSE
	EndGlobalSection
	GlobalSection(ExtensibilityGlobals) = postSolution
		SolutionGuid = {38E7C0F8-B5FA-443F-A463-6FAFF8F2AEBE}
	EndGlobalSection
EndGlobal
